
Microsoft Visual Studio Solution File, Format Version 12.00
# Visual Studio Version 17
VisualStudioVersion = 17.5.33516.290
MinimumVisualStudioVersion = 10.0.40219.1
Project("{9A19103F-16F7-4668-BE54-9A1E7A4F7556}") = "WebAPI_CURD_Operations", "WebAPI_CURD_Operations\WebAPI_CURD_Operations.csproj", "{DCB61DF0-6EC4-408E-837F-0F4AD959F572}"
EndProject
Global
	GlobalSection(SolutionConfigurationPlatforms) = preSolution
		Debug|Any CPU = Debug|Any CPU
		Release|Any CPU = Release|Any CPU
	EndGlobalSection
	GlobalSection(ProjectConfigurationPlatforms) = postSolution
		{DCB61DF0-6EC4-408E-837F-0F4AD959F572}.Debug|Any CPU.ActiveCfg = Debug|Any CPU
		{DCB61DF0-6EC4-408E-837F-0F4AD959F572}.Debug|Any CPU.Build.0 = Debug|Any CPU
		{DCB61DF0-6EC4-408E-837F-0F4AD959F572}.Release|Any CPU.ActiveCfg = Release|Any CPU
		{DCB61DF0-6EC4-408E-837F-0F4AD959F572}.Release|Any CPU.Build.0 = Release|Any CPU
	EndGlobalSection
	GlobalSection(SolutionProperties) = preSolution
		HideSolutionNode = FALSE
	EndGlobalSection
	GlobalSection(ExtensibilityGlobals) = postSolution
		SolutionGuid = {2217F4A7-18EB-4BA5-8C6F-B9C623D07404}
	EndGlobalSection
EndGlobal
